// !$*UTF8*$!
{
	archiveVersion = 1;
	classes = {
	};
	objectVersion = 46;
	objects = {

/* Begin PBXBuildFile section */
		01D809BDF760DC15C009DDC0 /* libPods.a in Frameworks */ = {isa = PBXBuildFile; fileRef = F57B3E9592BAAC9CCCB164E5 /* libPods.a */; };
		322994B31B8DC1640069FA4B /* HttpCommunication.m in Sources */ = {isa = PBXBuildFile; fileRef = 322994A71B8DC1640069FA4B /* HttpCommunication.m */; };
		322994B41B8DC1640069FA4B /* HttpCommunicationResult.m in Sources */ = {isa = PBXBuildFile; fileRef = 322994A91B8DC1640069FA4B /* HttpCommunicationResult.m */; };
		322994B51B8DC1640069FA4B /* HttpConnect.m in Sources */ = {isa = PBXBuildFile; fileRef = 322994AB1B8DC1640069FA4B /* HttpConnect.m */; };
		322994B61B8DC1640069FA4B /* UserModel.m in Sources */ = {isa = PBXBuildFile; fileRef = 322994AF1B8DC1640069FA4B /* UserModel.m */; };
		322994B71B8DC1640069FA4B /* HttpLoginRequest.m in Sources */ = {isa = PBXBuildFile; fileRef = 322994B21B8DC1640069FA4B /* HttpLoginRequest.m */; };
		32AA3A9E1B8C3DFF00E4084E /* main.m in Sources */ = {isa = PBXBuildFile; fileRef = 32AA3A9D1B8C3DFF00E4084E /* main.m */; };
		32AA3AA11B8C3DFF00E4084E /* AppDelegate.m in Sources */ = {isa = PBXBuildFile; fileRef = 32AA3AA01B8C3DFF00E4084E /* AppDelegate.m */; };
		32AA3AA41B8C3DFF00E4084E /* ViewController.m in Sources */ = {isa = PBXBuildFile; fileRef = 32AA3AA31B8C3DFF00E4084E /* ViewController.m */; };
		32AA3AA71B8C3DFF00E4084E /* Main.storyboard in Resources */ = {isa = PBXBuildFile; fileRef = 32AA3AA51B8C3DFF00E4084E /* Main.storyboard */; };
		32AA3AA91B8C3DFF00E4084E /* Images.xcassets in Resources */ = {isa = PBXBuildFile; fileRef = 32AA3AA81B8C3DFF00E4084E /* Images.xcassets */; };
		32AA3AAC1B8C3DFF00E4084E /* LaunchScreen.xib in Resources */ = {isa = PBXBuildFile; fileRef = 32AA3AAA1B8C3DFF00E4084E /* LaunchScreen.xib */; };
		32AA3AB81B8C3DFF00E4084E /* AFNetworking__Tests.m in Sources */ = {isa = PBXBuildFile; fileRef = 32AA3AB71B8C3DFF00E4084E /* AFNetworking__Tests.m */; };
/* End PBXBuildFile section */

/* Begin PBXContainerItemProxy section */
		32AA3AB21B8C3DFF00E4084E /* PBXContainerItemProxy */ = {
			isa = PBXContainerItemProxy;
			containerPortal = 32AA3A901B8C3DFE00E4084E /* Project object */;
			proxyType = 1;
			remoteGlobalIDString = 32AA3A971B8C3DFF00E4084E;
			remoteInfo = "AFNetworking使用";
		};
/* End PBXContainerItemProxy section */

/* Begin PBXFileReference section */
		322994A61B8DC1640069FA4B /* HttpCommunication.h */ = {isa = PBXFileReference; fileEncoding = 4; lastKnownFileType = sourcecode.c.h; path = HttpCommunication.h; sourceTree = "<group>"; };
		322994A71B8DC1640069FA4B /* HttpCommunication.m */ = {isa = PBXFileReference; fileEncoding = 4; lastKnownFileType = sourcecode.c.objc; path = HttpCommunication.m; sourceTree = "<group>"; };
		322994A81B8DC1640069FA4B /* HttpCommunicationResult.h */ = {isa = PBXFileReference; fileEncoding = 4; lastKnownFileType = sourcecode.c.h; path = HttpCommunicationResult.h; sourceTree = "<group>"; };
		322994A91B8DC1640069FA4B /* HttpCommunicationResult.m */ = {isa = PBXFileReference; fileEncoding = 4; lastKnownFileType = sourcecode.c.objc; path = HttpCommunicationResult.m; sourceTree = "<group>"; };
		322994AA1B8DC1640069FA4B /* HttpConnect.h */ = {isa = PBXFileReference; fileEncoding = 4; lastKnownFileType = sourcecode.c.h; path = HttpConnect.h; sourceTree = "<group>"; };
		322994AB1B8DC1640069FA4B /* HttpConnect.m */ = {isa = PBXFileReference; fileEncoding = 4; lastKnownFileType = sourcecode.c.objc; path = HttpConnect.m; sourceTree = "<group>"; };
		322994AC1B8DC1640069FA4B /* HttpUrlHeader.h */ = {isa = PBXFileReference; fileEncoding = 4; lastKnownFileType = sourcecode.c.h; path = HttpUrlHeader.h; sourceTree = "<group>"; };
		322994AE1B8DC1640069FA4B /* UserModel.h */ = {isa = PBXFileReference; fileEncoding = 4; lastKnownFileType = sourcecode.c.h; path = UserModel.h; sourceTree = "<group>"; };
		322994AF1B8DC1640069FA4B /* UserModel.m */ = {isa = PBXFileReference; fileEncoding = 4; lastKnownFileType = sourcecode.c.objc; path = UserModel.m; sourceTree = "<group>"; };
		322994B11B8DC1640069FA4B /* HttpLoginRequest.h */ = {isa = PBXFileReference; fileEncoding = 4; lastKnownFileType = sourcecode.c.h; path = HttpLoginRequest.h; sourceTree = "<group>"; };
		322994B21B8DC1640069FA4B /* HttpLoginRequest.m */ = {isa = PBXFileReference; fileEncoding = 4; lastKnownFileType = sourcecode.c.objc; path = HttpLoginRequest.m; sourceTree = "<group>"; };
		32AA3A981B8C3DFF00E4084E /* AFNetworking使用.app */ = {isa = PBXFileReference; explicitFileType = wrapper.application; includeInIndex = 0; path = "AFNetworking使用.app"; sourceTree = BUILT_PRODUCTS_DIR; };
		32AA3A9C1B8C3DFF00E4084E /* Info.plist */ = {isa = PBXFileReference; lastKnownFileType = text.plist.xml; path = Info.plist; sourceTree = "<group>"; };
		32AA3A9D1B8C3DFF00E4084E /* main.m */ = {isa = PBXFileReference; lastKnownFileType = sourcecode.c.objc; path = main.m; sourceTree = "<group>"; };
		32AA3A9F1B8C3DFF00E4084E /* AppDelegate.h */ = {isa = PBXFileReference; lastKnownFileType = sourcecode.c.h; path = AppDelegate.h; sourceTree = "<group>"; };
		32AA3AA01B8C3DFF00E4084E /* AppDelegate.m */ = {isa = PBXFileReference; lastKnownFileType = sourcecode.c.objc; path = AppDelegate.m; sourceTree = "<group>"; };
		32AA3AA21B8C3DFF00E4084E /* ViewController.h */ = {isa = PBXFileReference; lastKnownFileType = sourcecode.c.h; path = ViewController.h; sourceTree = "<group>"; };
		32AA3AA31B8C3DFF00E4084E /* ViewController.m */ = {isa = PBXFileReference; lastKnownFileType = sourcecode.c.objc; path = ViewController.m; sourceTree = "<group>"; };
		32AA3AA61B8C3DFF00E4084E /* Base */ = {isa = PBXFileReference; lastKnownFileType = file.storyboard; name = Base; path = Base.lproj/Main.storyboard; sourceTree = "<group>"; };
		32AA3AA81B8C3DFF00E4084E /* Images.xcassets */ = {isa = PBXFileReference; lastKnownFileType = folder.assetcatalog; path = Images.xcassets; sourceTree = "<group>"; };
		32AA3AAB1B8C3DFF00E4084E /* Base */ = {isa = PBXFileReference; lastKnownFileType = file.xib; name = Base; path = Base.lproj/LaunchScreen.xib; sourceTree = "<group>"; };
		32AA3AB11B8C3DFF00E4084E /* AFNetworking使用Tests.xctest */ = {isa = PBXFileReference; explicitFileType = wrapper.cfbundle; includeInIndex = 0; path = "AFNetworking使用Tests.xctest"; sourceTree = BUILT_PRODUCTS_DIR; };
		32AA3AB61B8C3DFF00E4084E /* Info.plist */ = {isa = PBXFileReference; lastKnownFileType = text.plist.xml; path = Info.plist; sourceTree = "<group>"; };
		32AA3AB71B8C3DFF00E4084E /* AFNetworking__Tests.m */ = {isa = PBXFileReference; lastKnownFileType = sourcecode.c.objc; path = AFNetworking__Tests.m; sourceTree = "<group>"; };
		52CD39E5059DF07F6A88E285 /* Pods.debug.xcconfig */ = {isa = PBXFileReference; includeInIndex = 1; lastKnownFileType = text.xcconfig; name = Pods.debug.xcconfig; path = "Pods/Target Support Files/Pods/Pods.debug.xcconfig"; sourceTree = "<group>"; };
		CEA637304D76B535A2F936FA /* Pods.release.xcconfig */ = {isa = PBXFileReference; includeInIndex = 1; lastKnownFileType = text.xcconfig; name = Pods.release.xcconfig; path = "Pods/Target Support Files/Pods/Pods.release.xcconfig"; sourceTree = "<group>"; };
		F57B3E9592BAAC9CCCB164E5 /* libPods.a */ = {isa = PBXFileReference; explicitFileType = archive.ar; includeInIndex = 0; path = libPods.a; sourceTree = BUILT_PRODUCTS_DIR; };
/* End PBXFileReference section */

/* Begin PBXFrameworksBuildPhase section */
		32AA3A951B8C3DFF00E4084E /* Frameworks */ = {
			isa = PBXFrameworksBuildPhase;
			buildActionMask = 2147483647;
			files = (
				01D809BDF760DC15C009DDC0 /* libPods.a in Frameworks */,
			);
			runOnlyForDeploymentPostprocessing = 0;
		};
		32AA3AAE1B8C3DFF00E4084E /* Frameworks */ = {
			isa = PBXFrameworksBuildPhase;
			buildActionMask = 2147483647;
			files = (
			);
			runOnlyForDeploymentPostprocessing = 0;
		};
/* End PBXFrameworksBuildPhase section */

/* Begin PBXGroup section */
		120E865C416189824AB50852 /* Frameworks */ = {
			isa = PBXGroup;
			children = (
				F57B3E9592BAAC9CCCB164E5 /* libPods.a */,
			);
			name = Frameworks;
			sourceTree = "<group>";
		};
		322994A41B8DC1640069FA4B /* Http */ = {
			isa = PBXGroup;
			children = (
				322994A51B8DC1640069FA4B /* HttpCommon */,
				322994AD1B8DC1640069FA4B /* HttpModel */,
				322994B01B8DC1640069FA4B /* HttpRequest */,
			);
			path = Http;
			sourceTree = "<group>";
		};
		322994A51B8DC1640069FA4B /* HttpCommon */ = {
			isa = PBXGroup;
			children = (
				322994A61B8DC1640069FA4B /* HttpCommunication.h */,
				322994A71B8DC1640069FA4B /* HttpCommunication.m */,
				322994A81B8DC1640069FA4B /* HttpCommunicationResult.h */,
				322994A91B8DC1640069FA4B /* HttpCommunicationResult.m */,
				322994AA1B8DC1640069FA4B /* HttpConnect.h */,
				322994AB1B8DC1640069FA4B /* HttpConnect.m */,
				322994AC1B8DC1640069FA4B /* HttpUrlHeader.h */,
			);
			path = HttpCommon;
			sourceTree = "<group>";
		};
		322994AD1B8DC1640069FA4B /* HttpModel */ = {
			isa = PBXGroup;
			children = (
				322994AE1B8DC1640069FA4B /* UserModel.h */,
				322994AF1B8DC1640069FA4B /* UserModel.m */,
			);
			path = HttpModel;
			sourceTree = "<group>";
		};
		322994B01B8DC1640069FA4B /* HttpRequest */ = {
			isa = PBXGroup;
			children = (
				322994B11B8DC1640069FA4B /* HttpLoginRequest.h */,
				322994B21B8DC1640069FA4B /* HttpLoginRequest.m */,
			);
			path = HttpRequest;
			sourceTree = "<group>";
		};
		32AA3A8F1B8C3DFE00E4084E = {
			isa = PBXGroup;
			children = (
				32AA3A9A1B8C3DFF00E4084E /* AFNetworking使用 */,
				32AA3AB41B8C3DFF00E4084E /* AFNetworking使用Tests */,
				32AA3A991B8C3DFF00E4084E /* Products */,
				5EBE71F4DD6F404101842C1D /* Pods */,
				120E865C416189824AB50852 /* Frameworks */,
			);
			sourceTree = "<group>";
		};
		32AA3A991B8C3DFF00E4084E /* Products */ = {
			isa = PBXGroup;
			children = (
				32AA3A981B8C3DFF00E4084E /* AFNetworking使用.app */,
				32AA3AB11B8C3DFF00E4084E /* AFNetworking使用Tests.xctest */,
			);
			name = Products;
			sourceTree = "<group>";
		};
		32AA3A9A1B8C3DFF00E4084E /* AFNetworking使用 */ = {
			isa = PBXGroup;
			children = (
				322994A41B8DC1640069FA4B /* Http */,
				32AA3A9F1B8C3DFF00E4084E /* AppDelegate.h */,
				32AA3AA01B8C3DFF00E4084E /* AppDelegate.m */,
				32AA3AA21B8C3DFF00E4084E /* ViewController.h */,
				32AA3AA31B8C3DFF00E4084E /* ViewController.m */,
				32AA3AA51B8C3DFF00E4084E /* Main.storyboard */,
				32AA3AA81B8C3DFF00E4084E /* Images.xcassets */,
				32AA3AAA1B8C3DFF00E4084E /* LaunchScreen.xib */,
				32AA3A9B1B8C3DFF00E4084E /* Supporting Files */,
			);
			path = "AFNetworking使用";
			sourceTree = "<group>";
		};
		32AA3A9B1B8C3DFF00E4084E /* Supporting Files */ = {
			isa = PBXGroup;
			children = (
				32AA3A9C1B8C3DFF00E4084E /* Info.plist */,
				32AA3A9D1B8C3DFF00E4084E /* main.m */,
			);
			name = "Supporting Files";
			sourceTree = "<group>";
		};
		32AA3AB41B8C3DFF00E4084E /* AFNetworking使用Tests */ = {
			isa = PBXGroup;
			children = (
				32AA3AB71B8C3DFF00E4084E /* AFNetworking__Tests.m */,
				32AA3AB51B8C3DFF00E4084E /* Supporting Files */,
			);
			path = "AFNetworking使用Tests";
			sourceTree = "<group>";
		};
		32AA3AB51B8C3DFF00E4084E /* Supporting Files */ = {
			isa = PBXGroup;
			children = (
				32AA3AB61B8C3DFF00E4084E /* Info.plist */,
			);
			name = "Supporting Files";
			sourceTree = "<group>";
		};
		5EBE71F4DD6F404101842C1D /* Pods */ = {
			isa = PBXGroup;
			children = (
				52CD39E5059DF07F6A88E285 /* Pods.debug.xcconfig */,
				CEA637304D76B535A2F936FA /* Pods.release.xcconfig */,
			);
			name = Pods;
			sourceTree = "<group>";
		};
/* End PBXGroup section */

/* Begin PBXNativeTarget section */
		32AA3A971B8C3DFF00E4084E /* AFNetworking使用 */ = {
			isa = PBXNativeTarget;
			buildConfigurationList = 32AA3ABB1B8C3DFF00E4084E /* Build configuration list for PBXNativeTarget "AFNetworking使用" */;
			buildPhases = (
				D5E64187764D7E6B4938F720 /* Check Pods Manifest.lock */,
				32AA3A941B8C3DFF00E4084E /* Sources */,
				32AA3A951B8C3DFF00E4084E /* Frameworks */,
				32AA3A961B8C3DFF00E4084E /* Resources */,
				D835E78D2280404B067F1CDA /* Copy Pods Resources */,
			);
			buildRules = (
			);
			dependencies = (
			);
			name = "AFNetworking使用";
			productName = "AFNetworking使用";
			productReference = 32AA3A981B8C3DFF00E4084E /* AFNetworking使用.app */;
			productType = "com.apple.product-type.application";
		};
		32AA3AB01B8C3DFF00E4084E /* AFNetworking使用Tests */ = {
			isa = PBXNativeTarget;
			buildConfigurationList = 32AA3ABE1B8C3DFF00E4084E /* Build configuration list for PBXNativeTarget "AFNetworking使用Tests" */;
			buildPhases = (
				32AA3AAD1B8C3DFF00E4084E /* Sources */,
				32AA3AAE1B8C3DFF00E4084E /* Frameworks */,
				32AA3AAF1B8C3DFF00E4084E /* Resources */,
			);
			buildRules = (
			);
			dependencies = (
				32AA3AB31B8C3DFF00E4084E /* PBXTargetDependency */,
			);
			name = "AFNetworking使用Tests";
			productName = "AFNetworking使用Tests";
			productReference = 32AA3AB11B8C3DFF00E4084E /* AFNetworking使用Tests.xctest */;
			productType = "com.apple.product-type.bundle.unit-test";
		};
/* End PBXNativeTarget section */

/* Begin PBXProject section */
		32AA3A901B8C3DFE00E4084E /* Project object */ = {
			isa = PBXProject;
			attributes = {
				LastUpgradeCheck = 0640;
				ORGANIZATIONNAME = bruce;
				TargetAttributes = {
					32AA3A971B8C3DFF00E4084E = {
						CreatedOnToolsVersion = 6.4;
					};
					32AA3AB01B8C3DFF00E4084E = {
						CreatedOnToolsVersion = 6.4;
						TestTargetID = 32AA3A971B8C3DFF00E4084E;
					};
				};
			};
			buildConfigurationList = 32AA3A931B8C3DFE00E4084E /* Build configuration list for PBXProject "AFNetworking使用" */;
			compatibilityVersion = "Xcode 3.2";
			developmentRegion = English;
			hasScannedForEncodings = 0;
			knownRegions = (
				en,
				Base,
			);
			mainGroup = 32AA3A8F1B8C3DFE00E4084E;
			productRefGroup = 32AA3A991B8C3DFF00E4084E /* Products */;
			projectDirPath = "";
			projectRoot = "";
			targets = (
				32AA3A971B8C3DFF00E4084E /* AFNetworking使用 */,
				32AA3AB01B8C3DFF00E4084E /* AFNetworking使用Tests */,
			);
		};
/* End PBXProject section */

/* Begin PBXResourcesBuildPhase section */
		32AA3A961B8C3DFF00E4084E /* Resources */ = {
			isa = PBXResourcesBuildPhase;
			buildActionMask = 2147483647;
			files = (
				32AA3AA71B8C3DFF00E4084E /* Main.storyboard in Resources */,
				32AA3AAC1B8C3DFF00E4084E /* LaunchScreen.xib in Resources */,
				32AA3AA91B8C3DFF00E4084E /* Images.xcassets in Resources */,
			);
			runOnlyForDeploymentPostprocessing = 0;
		};
		32AA3AAF1B8C3DFF00E4084E /* Resources */ = {
			isa = PBXResourcesBuildPhase;
			buildActionMask = 2147483647;
			files = (
			);
			runOnlyForDeploymentPostprocessing = 0;
		};
/* End PBXResourcesBuildPhase section */

/* Begin PBXShellScriptBuildPhase section */
		D5E64187764D7E6B4938F720 /* Check Pods Manifest.lock */ = {
			isa = PBXShellScriptBuildPhase;
			buildActionMask = 2147483647;
			files = (
			);
			inputPaths = (
			);
			name = "Check Pods Manifest.lock";
			outputPaths = (
			);
			runOnlyForDeploymentPostprocessing = 0;
			shellPath = /bin/sh;
			shellScript = "diff \"${PODS_ROOT}/../Podfile.lock\" \"${PODS_ROOT}/Manifest.lock\" > /dev/null\nif [[ $? != 0 ]] ; then\n    cat << EOM\nerror: The sandbox is not in sync with the Podfile.lock. Run 'pod install' or update your CocoaPods installation.\nEOM\n    exit 1\nfi\n";
			showEnvVarsInLog = 0;
		};
		D835E78D2280404B067F1CDA /* Copy Pods Resources */ = {
			isa = PBXShellScriptBuildPhase;
			buildActionMask = 2147483647;
			files = (
			);
			inputPaths = (
			);
			name = "Copy Pods Resources";
			outputPaths = (
			);
			runOnlyForDeploymentPostprocessing = 0;
			shellPath = /bin/sh;
			shellScript = "\"${SRCROOT}/Pods/Target Support Files/Pods/Pods-resources.sh\"\n";
			showEnvVarsInLog = 0;
		};
/* End PBXShellScriptBuildPhase section */

/* Begin PBXSourcesBuildPhase section */
		32AA3A941B8C3DFF00E4084E /* Sources */ = {
			isa = PBXSourcesBuildPhase;
			buildActionMask = 2147483647;
			files = (
				322994B41B8DC1640069FA4B /* HttpCommunicationResult.m in Sources */,
				322994B31B8DC1640069FA4B /* HttpCommunication.m in Sources */,
				322994B61B8DC1640069FA4B /* UserModel.m in Sources */,
				322994B51B8DC1640069FA4B /* HttpConnect.m in Sources */,
				32AA3AA41B8C3DFF00E4084E /* ViewController.m in Sources */,
				32AA3AA11B8C3DFF00E4084E /* AppDelegate.m in Sources */,
				32AA3A9E1B8C3DFF00E4084E /* main.m in Sources */,
				322994B71B8DC1640069FA4B /* HttpLoginRequest.m in Sources */,
			);
			runOnlyForDeploymentPostprocessing = 0;
		};
		32AA3AAD1B8C3DFF00E4084E /* Sources */ = {
			isa = PBXSourcesBuildPhase;
			buildActionMask = 2147483647;
			files = (
				32AA3AB81B8C3DFF00E4084E /* AFNetworking__Tests.m in Sources */,
			);
			runOnlyForDeploymentPostprocessing = 0;
		};
/* End PBXSourcesBuildPhase section */

/* Begin PBXTargetDependency section */
		32AA3AB31B8C3DFF00E4084E /* PBXTargetDependency */ = {
			isa = PBXTargetDependency;
			target = 32AA3A971B8C3DFF00E4084E /* AFNetworking使用 */;
			targetProxy = 32AA3AB21B8C3DFF00E4084E /* PBXContainerItemProxy */;
		};
/* End PBXTargetDependency section */

/* Begin PBXVariantGroup section */
		32AA3AA51B8C3DFF00E4084E /* Main.storyboard */ = {
			isa = PBXVariantGroup;
			children = (
				32AA3AA61B8C3DFF00E4084E /* Base */,
			);
			name = Main.storyboard;
			sourceTree = "<group>";
		};
		32AA3AAA1B8C3DFF00E4084E /* LaunchScreen.xib */ = {
			isa = PBXVariantGroup;
			children = (
				32AA3AAB1B8C3DFF00E4084E /* Base */,
			);
			name = LaunchScreen.xib;
			sourceTree = "<group>";
		};
/* End PBXVariantGroup section */

/* Begin XCBuildConfiguration section */
		32AA3AB91B8C3DFF00E4084E /* Debug */ = {
			isa = XCBuildConfiguration;
			buildSettings = {
				ALWAYS_SEARCH_USER_PATHS = NO;
				CLANG_CXX_LANGUAGE_STANDARD = "gnu++0x";
				CLANG_CXX_LIBRARY = "libc++";
				CLANG_ENABLE_MODULES = YES;
				CLANG_ENABLE_OBJC_ARC = YES;
				CLANG_WARN_BOOL_CONVERSION = YES;
				CLANG_WARN_CONSTANT_CONVERSION = YES;
				CLANG_WARN_DIRECT_OBJC_ISA_USAGE = YES_ERROR;
				CLANG_WARN_EMPTY_BODY = YES;
				CLANG_WARN_ENUM_CONVERSION = YES;
				CLANG_WARN_INT_CONVERSION = YES;
				CLANG_WARN_OBJC_ROOT_CLASS = YES_ERROR;
				CLANG_WARN_UNREACHABLE_CODE = YES;
				CLANG_WARN__DUPLICATE_METHOD_MATCH = YES;
				"CODE_SIGN_IDENTITY[sdk=iphoneos*]" = "iPhone Developer";
				COPY_PHASE_STRIP = NO;
				DEBUG_INFORMATION_FORMAT = "dwarf-with-dsym";
				ENABLE_STRICT_OBJC_MSGSEND = YES;
				GCC_C_LANGUAGE_STANDARD = gnu99;
				GCC_DYNAMIC_NO_PIC = NO;
				GCC_NO_COMMON_BLOCKS = YES;
				GCC_OPTIMIZATION_LEVEL = 0;
				GCC_PREPROCESSOR_DEFINITIONS = (
					"DEBUG=1",
					"$(inherited)",
				);
				GCC_SYMBOLS_PRIVATE_EXTERN = NO;
				GCC_WARN_64_TO_32_BIT_CONVERSION = YES;
				GCC_WARN_ABOUT_RETURN_TYPE = YES_ERROR;
				GCC_WARN_UNDECLARED_SELECTOR = YES;
				GCC_WARN_UNINITIALIZED_AUTOS = YES_AGGRESSIVE;
				GCC_WARN_UNUSED_FUNCTION = YES;
				GCC_WARN_UNUSED_VARIABLE = YES;
				IPHONEOS_DEPLOYMENT_TARGET = 8.4;
				MTL_ENABLE_DEBUG_INFO = YES;
				ONLY_ACTIVE_ARCH = YES;
				SDKROOT = iphoneos;
				TARGETED_DEVICE_FAMILY = "1,2";
			};
			name = Debug;
		};
		32AA3ABA1B8C3DFF00E4084E /* Release */ = {
			isa = XCBuildConfiguration;
			buildSettings = {
				ALWAYS_SEARCH_USER_PATHS = NO;
				CLANG_CXX_LANGUAGE_STANDARD = "gnu++0x";
				CLANG_CXX_LIBRARY = "libc++";
				CLANG_ENABLE_MODULES = YES;
				CLANG_ENABLE_OBJC_ARC = YES;
				CLANG_WARN_BOOL_CONVERSION = YES;
				CLANG_WARN_CONSTANT_CONVERSION = YES;
				CLANG_WARN_DIRECT_OBJC_ISA_USAGE = YES_ERROR;
				CLANG_WARN_EMPTY_BODY = YES;
				CLANG_WARN_ENUM_CONVERSION = YES;
				CLANG_WARN_INT_CONVERSION = YES;
				CLANG_WARN_OBJC_ROOT_CLASS = YES_ERROR;
				CLANG_WARN_UNREACHABLE_CODE = YES;
				CLANG_WARN__DUPLICATE_METHOD_MATCH = YES;
				"CODE_SIGN_IDENTITY[sdk=iphoneos*]" = "iPhone Developer";
				COPY_PHASE_STRIP = NO;
				DEBUG_INFORMATION_FORMAT = "dwarf-with-dsym";
				ENABLE_NS_ASSERTIONS = NO;
				ENABLE_STRICT_OBJC_MSGSEND = YES;
				GCC_C_LANGUAGE_STANDARD = gnu99;
				GCC_NO_COMMON_BLOCKS = YES;
				GCC_WARN_64_TO_32_BIT_CONVERSION = YES;
				GCC_WARN_ABOUT_RETURN_TYPE = YES_ERROR;
				GCC_WARN_UNDECLARED_SELECTOR = YES;
				GCC_WARN_UNINITIALIZED_AUTOS = YES_AGGRESSIVE;
				GCC_WARN_UNUSED_FUNCTION = YES;
				GCC_WARN_UNUSED_VARIABLE = YES;
				IPHONEOS_DEPLOYMENT_TARGET = 8.4;
				MTL_ENABLE_DEBUG_INFO = NO;
				SDKROOT = iphoneos;
				TARGETED_DEVICE_FAMILY = "1,2";
				VALIDATE_PRODUCT = YES;
			};
			name = Release;
		};
		32AA3ABC1B8C3DFF00E4084E /* Debug */ = {
			isa = XCBuildConfiguration;
			baseConfigurationReference = 52CD39E5059DF07F6A88E285 /* Pods.debug.xcconfig */;
			buildSettings = {
				ASSETCATALOG_COMPILER_APPICON_NAME = AppIcon;
				INFOPLIST_FILE = "AFNetworking使用/Info.plist";
				LD_RUNPATH_SEARCH_PATHS = "$(inherited) @executable_path/Frameworks";
				PRODUCT_NAME = "$(TARGET_NAME)";
			};
			name = Debug;
		};
		32AA3ABD1B8C3DFF00E4084E /* Release */ = {
			isa = XCBuildConfiguration;
			baseConfigurationReference = CEA637304D76B535A2F936FA /* Pods.release.xcconfig */;
			buildSettings = {
				ASSETCATALOG_COMPILER_APPICON_NAME = AppIcon;
				INFOPLIST_FILE = "AFNetworking使用/Info.plist";
				LD_RUNPATH_SEARCH_PATHS = "$(inherited) @executable_path/Frameworks";
				PRODUCT_NAME = "$(TARGET_NAME)";
			};
			name = Release;
		};
		32AA3ABF1B8C3DFF00E4084E /* Debug */ = {
			isa = XCBuildConfiguration;
			buildSettings = {
				BUNDLE_LOADER = "$(TEST_HOST)";
				FRAMEWORK_SEARCH_PATHS = (
					"$(SDKROOT)/Developer/Library/Frameworks",
					"$(inherited)",
				);
				GCC_PREPROCESSOR_DEFINITIONS = (
					"DEBUG=1",
					"$(inherited)",
				);
				INFOPLIST_FILE = "AFNetworking使用Tests/Info.plist";
				LD_RUNPATH_SEARCH_PATHS = "$(inherited) @executable_path/Frameworks @loader_path/Frameworks";
				PRODUCT_NAME = "$(TARGET_NAME)";
				TEST_HOST = "$(BUILT_PRODUCTS_DIR)/AFNetworking使用.app/AFNetworking使用";
			};
			name = Debug;
		};
		32AA3AC01B8C3DFF00E4084E /* Release */ = {
			isa = XCBuildConfiguration;
			buildSettings = {
				BUNDLE_LOADER = "$(TEST_HOST)";
				FRAMEWORK_SEARCH_PATHS = (
					"$(SDKROOT)/Developer/Library/Frameworks",
					"$(inherited)",
				);
				INFOPLIST_FILE = "AFNetworking使用Tests/Info.plist";
				LD_RUNPATH_SEARCH_PATHS = "$(inherited) @executable_path/Frameworks @loader_path/Frameworks";
				PRODUCT_NAME = "$(TARGET_NAME)";
				TEST_HOST = "$(BUILT_PRODUCTS_DIR)/AFNetworking使用.app/AFNetworking使用";
			};
			name = Release;
		};
/* End XCBuildConfiguration section */

/* Begin XCConfigurationList section */
		32AA3A931B8C3DFE00E4084E /* Build configuration list for PBXProject "AFNetworking使用" */ = {
			isa = XCConfigurationList;
			buildConfigurations = (
				32AA3AB91B8C3DFF00E4084E /* Debug */,
				32AA3ABA1B8C3DFF00E4084E /* Release */,
			);
			defaultConfigurationIsVisible = 0;
			defaultConfigurationName = Release;
		};
		32AA3ABB1B8C3DFF00E4084E /* Build configuration list for PBXNativeTarget "AFNetworking使用" */ = {
			isa = XCConfigurationList;
			buildConfigurations = (
				32AA3ABC1B8C3DFF00E4084E /* Debug */,
				32AA3ABD1B8C3DFF00E4084E /* Release */,
			);
			defaultConfigurationIsVisible = 0;
			defaultConfigurationName = Release;
		};
		32AA3ABE1B8C3DFF00E4084E /* Build configuration list for PBXNativeTarget "AFNetworking使用Tests" */ = {
			isa = XCConfigurationList;
			buildConfigurations = (
				32AA3ABF1B8C3DFF00E4084E /* Debug */,
				32AA3AC01B8C3DFF00E4084E /* Release */,
			);
			defaultConfigurationIsVisible = 0;
			defaultConfigurationName = Release;
		};
/* End XCConfigurationList section */
	};
	rootObject = 32AA3A901B8C3DFE00E4084E /* Project object */;
}
